
Microsoft Visual Studio Solution File, Format Version 12.00
# Visual Studio Version 17
VisualStudioVersion = 17.12.35309.182
MinimumVisualStudioVersion = 10.0.40219.1
Project("{FAE04EC0-301F-11D3-BF4B-00C04F79EFBC}") = "SimpleBlazorChatApp", "SimpleBlazorChatApp\SimpleBlazorChatApp\SimpleBlazorChatApp.csproj", "{C28AC133-F4E8-445A-B63C-063BD2790E6F}"
EndProject
Project("{FAE04EC0-301F-11D3-BF4B-00C04F79EFBC}") = "SimpleBlazorChatApp.Client", "SimpleBlazorChatApp\SimpleBlazorChatApp.Client\SimpleBlazorChatApp.Client.csproj", "{D9DE24DC-AD46-4FD5-B456-EBD6DF0C32E4}"
EndProject
Global
	GlobalSection(SolutionConfigurationPlatforms) = preSolution
		Debug|Any CPU = Debug|Any CPU
		Release|Any CPU = Release|Any CPU
	EndGlobalSection
	GlobalSection(ProjectConfigurationPlatforms) = postSolution
		{C28AC133-F4E8-445A-B63C-063BD2790E6F}.Debug|Any CPU.ActiveCfg = Debug|Any CPU
		{C28AC133-F4E8-445A-B63C-063BD2790E6F}.Debug|Any CPU.Build.0 = Debug|Any CPU
		{C28AC133-F4E8-445A-B63C-063BD2790E6F}.Release|Any CPU.ActiveCfg = Release|Any CPU
		{C28AC133-F4E8-445A-B63C-063BD2790E6F}.Release|Any CPU.Build.0 = Release|Any CPU
		{D9DE24DC-AD46-4FD5-B456-EBD6DF0C32E4}.Debug|Any CPU.ActiveCfg = Debug|Any CPU
		{D9DE24DC-AD46-4FD5-B456-EBD6DF0C32E4}.Debug|Any CPU.Build.0 = Debug|Any CPU
		{D9DE24DC-AD46-4FD5-B456-EBD6DF0C32E4}.Release|Any CPU.ActiveCfg = Release|Any CPU
		{D9DE24DC-AD46-4FD5-B456-EBD6DF0C32E4}.Release|Any CPU.Build.0 = Release|Any CPU
	EndGlobalSection
	GlobalSection(SolutionProperties) = preSolution
		HideSolutionNode = FALSE
	EndGlobalSection
	GlobalSection(ExtensibilityGlobals) = postSolution
		SolutionGuid = {F46CD67D-200E-4C81-B74A-7175205022B0}
	EndGlobalSection
EndGlobal
